
Microsoft Visual Studio Solution File, Format Version 12.00
# Visual Studio Version 16
VisualStudioVersion = 16.0.30114.105
MinimumVisualStudioVersion = 10.0.40219.1
Project("{FAE04EC0-301F-11D3-BF4B-00C04F79EFBC}") = "RealEstate.Web", "RealEstate.Web\RealEstate.Web.csproj", "{867946D7-9301-4665-9891-43B3EDDB2CE8}"
EndProject
Project("{FAE04EC0-301F-11D3-BF4B-00C04F79EFBC}") = "RealEstate.Data", "RealEstate.Data\RealEstate.Data.csproj", "{05675546-94C3-422A-B1F9-A5044768A0C8}"
EndProject
Project("{FAE04EC0-301F-11D3-BF4B-00C04F79EFBC}") = "RealEstate.Application", "RealEstate.Application\RealEstate.Application.csproj", "{4B145FFC-54E7-415B-84B1-F9170EF04AE1}"
EndProject
Global
	GlobalSection(SolutionConfigurationPlatforms) = preSolution
		Debug|Any CPU = Debug|Any CPU
		Release|Any CPU = Release|Any CPU
	EndGlobalSection
	GlobalSection(ProjectConfigurationPlatforms) = postSolution
		{867946D7-9301-4665-9891-43B3EDDB2CE8}.Debug|Any CPU.ActiveCfg = Debug|Any CPU
		{867946D7-9301-4665-9891-43B3EDDB2CE8}.Debug|Any CPU.Build.0 = Debug|Any CPU
		{867946D7-9301-4665-9891-43B3EDDB2CE8}.Release|Any CPU.ActiveCfg = Release|Any CPU
		{867946D7-9301-4665-9891-43B3EDDB2CE8}.Release|Any CPU.Build.0 = Release|Any CPU
		{05675546-94C3-422A-B1F9-A5044768A0C8}.Debug|Any CPU.ActiveCfg = Debug|Any CPU
		{05675546-94C3-422A-B1F9-A5044768A0C8}.Debug|Any CPU.Build.0 = Debug|Any CPU
		{05675546-94C3-422A-B1F9-A5044768A0C8}.Release|Any CPU.ActiveCfg = Release|Any CPU
		{05675546-94C3-422A-B1F9-A5044768A0C8}.Release|Any CPU.Build.0 = Release|Any CPU
		{4B145FFC-54E7-415B-84B1-F9170EF04AE1}.Debug|Any CPU.ActiveCfg = Debug|Any CPU
		{4B145FFC-54E7-415B-84B1-F9170EF04AE1}.Debug|Any CPU.Build.0 = Debug|Any CPU
		{4B145FFC-54E7-415B-84B1-F9170EF04AE1}.Release|Any CPU.ActiveCfg = Release|Any CPU
		{4B145FFC-54E7-415B-84B1-F9170EF04AE1}.Release|Any CPU.Build.0 = Release|Any CPU
	EndGlobalSection
	GlobalSection(SolutionProperties) = preSolution
		HideSolutionNode = FALSE
	EndGlobalSection
	GlobalSection(ExtensibilityGlobals) = postSolution
		SolutionGuid = {717E88EF-F075-4ACA-B8DC-C3546EB7A056}
	EndGlobalSection
EndGlobal
